{
  "originHash" : "45fedab3c2beb5253c6b231e728877f96dbf8cf397e4f8d02fe165fff6c35bb6",
  "pins" : [
    {
      "identity" : "eudi-lib-ios-openid4vci-swift",
      "kind" : "remoteSourceControl",
      "location" : "https://github.com/eu-digital-identity-wallet/eudi-lib-ios-openid4vci-swift",
      "state" : {
        "revision" : "231d188a3770377b1d88c6be7972946ccacb042e",
        "version" : "0.11.0"
      }
    },
    {
      "identity" : "joseswift",
      "kind" : "remoteSourceControl",
      "location" : "https://github.com/airsidemobile/JOSESwift.git",
      "state" : {
        "revision" : "c2664a902e75c0426a1d43132bd4babc6fd173d3",
        "version" : "3.0.0"
      }
    },
    {
      "identity" : "swiftyjson",
      "kind" : "remoteSourceControl",
      "location" : "https://github.com/SwiftyJSON/SwiftyJSON.git",
      "state" : {
        "revision" : "af76cf3ef710b6ca5f8c05f3a31307d44a3c5828",
        "version" : "5.0.2"
      }
    }
  ],
  "version" : 3
}
