{
  "originHash" : "104b110db8620d7a9eb8929c4d447f758623312f157c4775a13bda9134900815",
  "pins" : [
    {
      "identity" : "eudi-lib-ios-openid4vci-swift",
      "kind" : "remoteSourceControl",
      "location" : "https://github.com/eu-digital-identity-wallet/eudi-lib-ios-openid4vci-swift.git",
      "state" : {
        "revision" : "37c712ee275a3c01ca6423aaeb0a82288f575828",
        "version" : "0.53.1"
      }
    },
    {
      "identity" : "joseswift",
      "kind" : "remoteSourceControl",
      "location" : "https://github.com/airsidemobile/JOSESwift.git",
      "state" : {
        "revision" : "c2664a902e75c0426a1d43132bd4babc6fd173d3",
        "version" : "3.0.0"
      }
    },
    {
      "identity" : "swiftyjson",
      "kind" : "remoteSourceControl",
      "location" : "https://github.com/SwiftyJSON/SwiftyJSON.git",
      "state" : {
        "revision" : "af76cf3ef710b6ca5f8c05f3a31307d44a3c5828",
        "version" : "5.0.2"
      }
    }
  ],
  "version" : 3
}
