{
  "originHash" : "a18ce05f954d563903eb6d0d68af3ed9354bb31a5c9742fd138e22bb9dfb9b74",
  "pins" : [
    {
      "identity" : "swift-syntax",
      "kind" : "remoteSourceControl",
      "location" : "https://github.com/swiftlang/swift-syntax.git",
      "state" : {
        "revision" : "6673b05995983461eef015c4768f1483c245db22",
        "version" : "603.0.0-prerelease-2025-09-15"
      }
    }
  ],
  "version" : 3
}
